
Microsoft Visual Studio Solution File, Format Version 12.00
# Visual Studio Version 17
VisualStudioVersion = 17.10.34928.147
MinimumVisualStudioVersion = 10.0.40219.1
Project("{FAE04EC0-301F-11D3-BF4B-00C04F79EFBC}") = "AdventOfCode", "AdventOfCode.csproj", "{9576E22E-FFA5-4128-8304-739851D73053}"
EndProject
Global
	GlobalSection(SolutionConfigurationPlatforms) = preSolution
		Debug|Any CPU = Debug|Any CPU
		Release|Any CPU = Release|Any CPU
	EndGlobalSection
	GlobalSection(ProjectConfigurationPlatforms) = postSolution
		{9576E22E-FFA5-4128-8304-739851D73053}.Debug|Any CPU.ActiveCfg = Debug|Any CPU
		{9576E22E-FFA5-4128-8304-739851D73053}.Debug|Any CPU.Build.0 = Debug|Any CPU
		{9576E22E-FFA5-4128-8304-739851D73053}.Release|Any CPU.ActiveCfg = Release|Any CPU
		{9576E22E-FFA5-4128-8304-739851D73053}.Release|Any CPU.Build.0 = Release|Any CPU
	EndGlobalSection
	GlobalSection(SolutionProperties) = preSolution
		HideSolutionNode = FALSE
	EndGlobalSection
	GlobalSection(ExtensibilityGlobals) = postSolution
		SolutionGuid = {BFCCBFD5-BF55-4FB3-9A45-A8C633E1A3E3}
	EndGlobalSection
EndGlobal
